
Microsoft Visual Studio Solution File, Format Version 12.00
# Visual Studio Version 16
VisualStudioVersion = 16.0.30114.105
MinimumVisualStudioVersion = 10.0.40219.1
Project("{FAE04EC0-301F-11D3-BF4B-00C04F79EFBC}") = "CloudScale.Android", "CloudScale\CloudScale.Android\CloudScale.Android.csproj", "{687DD326-3C58-48BE-B5FD-6547D6C47AD4}"
EndProject
Project("{9A19103F-16F7-4668-BE54-9A1E7A4F7556}") = "CloudScale", "CloudScale\CloudScale\CloudScale.csproj", "{CE19AC4E-9C55-40DF-9A1D-B9A4D01F1962}"
EndProject
Project("{9A19103F-16F7-4668-BE54-9A1E7A4F7556}") = "CloudScale.Shared", "CloudScale.Shared\CloudScale.Shared.csproj", "{8DE832D0-0587-4B82-B172-5A5554E13513}"
EndProject
Project("{9A19103F-16F7-4668-BE54-9A1E7A4F7556}") = "MqttHelper", "MqttHelper\MqttHelper\MqttHelper.csproj", "{3326C7D2-4ED1-4062-8637-177D82B4D0CC}"
EndProject
Global
	GlobalSection(SolutionConfigurationPlatforms) = preSolution
		Debug|Any CPU = Debug|Any CPU
		Release|Any CPU = Release|Any CPU
	EndGlobalSection
	GlobalSection(ProjectConfigurationPlatforms) = postSolution
		{687DD326-3C58-48BE-B5FD-6547D6C47AD4}.Debug|Any CPU.ActiveCfg = Debug|Any CPU
		{687DD326-3C58-48BE-B5FD-6547D6C47AD4}.Debug|Any CPU.Build.0 = Debug|Any CPU
		{687DD326-3C58-48BE-B5FD-6547D6C47AD4}.Debug|Any CPU.Deploy.0 = Debug|Any CPU
		{687DD326-3C58-48BE-B5FD-6547D6C47AD4}.Release|Any CPU.ActiveCfg = Release|Any CPU
		{687DD326-3C58-48BE-B5FD-6547D6C47AD4}.Release|Any CPU.Build.0 = Release|Any CPU
		{687DD326-3C58-48BE-B5FD-6547D6C47AD4}.Release|Any CPU.Deploy.0 = Release|Any CPU
		{CE19AC4E-9C55-40DF-9A1D-B9A4D01F1962}.Debug|Any CPU.ActiveCfg = Debug|Any CPU
		{CE19AC4E-9C55-40DF-9A1D-B9A4D01F1962}.Debug|Any CPU.Build.0 = Debug|Any CPU
		{CE19AC4E-9C55-40DF-9A1D-B9A4D01F1962}.Release|Any CPU.ActiveCfg = Release|Any CPU
		{CE19AC4E-9C55-40DF-9A1D-B9A4D01F1962}.Release|Any CPU.Build.0 = Release|Any CPU
		{8DE832D0-0587-4B82-B172-5A5554E13513}.Debug|Any CPU.ActiveCfg = Debug|Any CPU
		{8DE832D0-0587-4B82-B172-5A5554E13513}.Debug|Any CPU.Build.0 = Debug|Any CPU
		{8DE832D0-0587-4B82-B172-5A5554E13513}.Release|Any CPU.ActiveCfg = Release|Any CPU
		{8DE832D0-0587-4B82-B172-5A5554E13513}.Release|Any CPU.Build.0 = Release|Any CPU
		{3326C7D2-4ED1-4062-8637-177D82B4D0CC}.Debug|Any CPU.ActiveCfg = Debug|Any CPU
		{3326C7D2-4ED1-4062-8637-177D82B4D0CC}.Debug|Any CPU.Build.0 = Debug|Any CPU
		{3326C7D2-4ED1-4062-8637-177D82B4D0CC}.Release|Any CPU.ActiveCfg = Release|Any CPU
		{3326C7D2-4ED1-4062-8637-177D82B4D0CC}.Release|Any CPU.Build.0 = Release|Any CPU
	EndGlobalSection
	GlobalSection(SolutionProperties) = preSolution
		HideSolutionNode = FALSE
	EndGlobalSection
	GlobalSection(ExtensibilityGlobals) = postSolution
		SolutionGuid = {0E032EF1-0E0D-4F17-8842-80A6C72091FB}
	EndGlobalSection
EndGlobal
