
Microsoft Visual Studio Solution File, Format Version 12.00
# Visual Studio Version 16
VisualStudioVersion = 16.0.30114.105
MinimumVisualStudioVersion = 10.0.40219.1
Project("{FAE04EC0-301F-11D3-BF4B-00C04F79EFBC}") = "CloudScale", "CloudScale\CloudScale.csproj", "{1AFAB48B-C647-4793-850E-A2E941FBB66A}"
EndProject
Project("{FAE04EC0-301F-11D3-BF4B-00C04F79EFBC}") = "CloudScale.Shared", "CloudScale.Shared\CloudScale.Shared.csproj", "{8DE832D0-0587-4B82-B172-5A5554E13513}"
EndProject
Global
	GlobalSection(SolutionConfigurationPlatforms) = preSolution
		Debug|Any CPU = Debug|Any CPU
		Release|Any CPU = Release|Any CPU
	EndGlobalSection
	GlobalSection(ProjectConfigurationPlatforms) = postSolution
		{1AFAB48B-C647-4793-850E-A2E941FBB66A}.Debug|Any CPU.ActiveCfg = Debug|Any CPU
		{1AFAB48B-C647-4793-850E-A2E941FBB66A}.Debug|Any CPU.Build.0 = Debug|Any CPU
		{1AFAB48B-C647-4793-850E-A2E941FBB66A}.Release|Any CPU.ActiveCfg = Release|Any CPU
		{1AFAB48B-C647-4793-850E-A2E941FBB66A}.Release|Any CPU.Build.0 = Release|Any CPU
		{8DE832D0-0587-4B82-B172-5A5554E13513}.Debug|Any CPU.ActiveCfg = Debug|Any CPU
		{8DE832D0-0587-4B82-B172-5A5554E13513}.Debug|Any CPU.Build.0 = Debug|Any CPU
		{8DE832D0-0587-4B82-B172-5A5554E13513}.Release|Any CPU.ActiveCfg = Release|Any CPU
		{8DE832D0-0587-4B82-B172-5A5554E13513}.Release|Any CPU.Build.0 = Release|Any CPU
	EndGlobalSection
	GlobalSection(SolutionProperties) = preSolution
		HideSolutionNode = FALSE
	EndGlobalSection
	GlobalSection(ExtensibilityGlobals) = postSolution
		SolutionGuid = {0E032EF1-0E0D-4F17-8842-80A6C72091FB}
	EndGlobalSection
EndGlobal
